# This file is generated by running "yarn install" inside your project.
# Manual changes might be lost - proceed with caution!

__metadata:
  version: 8
  cacheKey: 10c0

"bootstrap-icons@npm:^1.13.1":
  version: 1.13.1
  resolution: "bootstrap-icons@npm:1.13.1"
  checksum: 10c0/2c1adeb1796502e67b476ce049c86bc3a7ff7984c61777e056820389a8db5ec6535c12a33f76f3ed52674bca4c01472065a7fbcde6cc384ebb86c2eae51390bd
  languageName: node
  linkType: hard

"tailwindcss@npm:^4.1.17":
  version: 4.1.17
  resolution: "tailwindcss@npm:4.1.17"
  checksum: 10c0/1fecf618ba9895e068e5a6d842b978f56a815bc849a28338cebbcb07b13df763715c2f8848def938403c73d59f08ffff33a4b83a977a9e38fa56adc60d1d56c8
  languageName: node
  linkType: hard

"your-project-name@workspace:.":
  version: 0.0.0-use.local
  resolution: "your-project-name@workspace:."
  dependencies:
    bootstrap-icons: "npm:^1.13.1"
    tailwindcss: "npm:^4.1.17"
  languageName: unknown
  linkType: soft
